
Microsoft Visual Studio Solution File, Format Version 12.00
# Visual Studio Version 17
VisualStudioVersion = 17.10.35027.167
MinimumVisualStudioVersion = 10.0.40219.1
Project("{FAE04EC0-301F-11D3-BF4B-00C04F79EFBC}") = "CalculatorProject", "CalculatorProject.csproj", "{90CC919A-1A20-42BB-A7E0-BBE12954739A}"
EndProject
Global
	GlobalSection(SolutionConfigurationPlatforms) = preSolution
		Debug|Any CPU = Debug|Any CPU
		Release|Any CPU = Release|Any CPU
	EndGlobalSection
	GlobalSection(ProjectConfigurationPlatforms) = postSolution
		{90CC919A-1A20-42BB-A7E0-BBE12954739A}.Debug|Any CPU.ActiveCfg = Debug|Any CPU
		{90CC919A-1A20-42BB-A7E0-BBE12954739A}.Debug|Any CPU.Build.0 = Debug|Any CPU
		{90CC919A-1A20-42BB-A7E0-BBE12954739A}.Release|Any CPU.ActiveCfg = Release|Any CPU
		{90CC919A-1A20-42BB-A7E0-BBE12954739A}.Release|Any CPU.Build.0 = Release|Any CPU
	EndGlobalSection
	GlobalSection(SolutionProperties) = preSolution
		HideSolutionNode = FALSE
	EndGlobalSection
	GlobalSection(ExtensibilityGlobals) = postSolution
		SolutionGuid = {50A5D8E3-829E-439A-A0D4-B65C5F403839}
	EndGlobalSection
EndGlobal
